
Microsoft Visual Studio Solution File, Format Version 12.00
# Visual Studio Version 17
VisualStudioVersion = 17.6.33801.468
MinimumVisualStudioVersion = 10.0.40219.1
Project("{FAE04EC0-301F-11D3-BF4B-00C04F79EFBC}") = "LinkShortener", "LinkShortener.csproj", "{3DC319F3-2545-4A8F-91AC-63706988E1BE}"
EndProject
Global
	GlobalSection(SolutionConfigurationPlatforms) = preSolution
		Debug|Any CPU = Debug|Any CPU
		Release|Any CPU = Release|Any CPU
	EndGlobalSection
	GlobalSection(ProjectConfigurationPlatforms) = postSolution
		{3DC319F3-2545-4A8F-91AC-63706988E1BE}.Debug|Any CPU.ActiveCfg = Debug|Any CPU
		{3DC319F3-2545-4A8F-91AC-63706988E1BE}.Debug|Any CPU.Build.0 = Debug|Any CPU
		{3DC319F3-2545-4A8F-91AC-63706988E1BE}.Release|Any CPU.ActiveCfg = Release|Any CPU
		{3DC319F3-2545-4A8F-91AC-63706988E1BE}.Release|Any CPU.Build.0 = Release|Any CPU
	EndGlobalSection
	GlobalSection(SolutionProperties) = preSolution
		HideSolutionNode = FALSE
	EndGlobalSection
	GlobalSection(ExtensibilityGlobals) = postSolution
		SolutionGuid = {DC4546F1-F149-4145-BB42-BA4F0F244750}
	EndGlobalSection
EndGlobal
